
Microsoft Visual Studio Solution File, Format Version 12.00
# Visual Studio Version 17
VisualStudioVersion = 17.6.33829.357
MinimumVisualStudioVersion = 10.0.40219.1
Project("{FAE04EC0-301F-11D3-BF4B-00C04F79EFBC}") = "WebApiUdemy", "WebApiUdemy\WebApiUdemy.csproj", "{2E351DE5-7450-488D-B702-2A15C17F2ABC}"
EndProject
Global
	GlobalSection(SolutionConfigurationPlatforms) = preSolution
		Debug|Any CPU = Debug|Any CPU
		Release|Any CPU = Release|Any CPU
	EndGlobalSection
	GlobalSection(ProjectConfigurationPlatforms) = postSolution
		{2E351DE5-7450-488D-B702-2A15C17F2ABC}.Debug|Any CPU.ActiveCfg = Debug|Any CPU
		{2E351DE5-7450-488D-B702-2A15C17F2ABC}.Debug|Any CPU.Build.0 = Debug|Any CPU
		{2E351DE5-7450-488D-B702-2A15C17F2ABC}.Release|Any CPU.ActiveCfg = Release|Any CPU
		{2E351DE5-7450-488D-B702-2A15C17F2ABC}.Release|Any CPU.Build.0 = Release|Any CPU
	EndGlobalSection
	GlobalSection(SolutionProperties) = preSolution
		HideSolutionNode = FALSE
	EndGlobalSection
	GlobalSection(ExtensibilityGlobals) = postSolution
		SolutionGuid = {49E95DAF-BAB4-4761-BE5C-8C4D6EAFFAF7}
	EndGlobalSection
EndGlobal
